{
  "originHash" : "9aa9d77656ac680f3d4aeb0b293b784ee823d91423f8c5e9a5af7218ff05526e",
  "pins" : [
    {
      "identity" : "ios-sdk",
      "kind" : "remoteSourceControl",
      "location" : "https://github.com/rozetkapay/ios-sdk.git",
      "state" : {
        "branch" : "main",
        "revision" : "92f211378dfb433856ff6bc1f724b4947878f9df"
      }
    }
  ],
  "version" : 3
}
